
Microsoft Visual Studio Solution File, Format Version 12.00
# Visual Studio Version 17
VisualStudioVersion = 17.3.32901.215
MinimumVisualStudioVersion = 10.0.40219.1
Project("{FAE04EC0-301F-11D3-BF4B-00C04F79EFBC}") = "ApiReportes", "ApiReportes\ApiReportes.csproj", "{4CB02CB7-93AF-4EFB-8EF0-B089C4525001}"
EndProject
Project("{FAE04EC0-301F-11D3-BF4B-00C04F79EFBC}") = "Reportes.DAO", "Reportes.DAO\Reportes.DAO.csproj", "{435A630D-2C4F-4E81-BD04-F07A4FF0C928}"
EndProject
Project("{FAE04EC0-301F-11D3-BF4B-00C04F79EFBC}") = "Reportes.Entity", "Reportes.Entity\Reportes.Entity.csproj", "{AB69A2D0-765C-4181-A890-C7961AB95584}"
EndProject
Global
	GlobalSection(SolutionConfigurationPlatforms) = preSolution
		Debug|Any CPU = Debug|Any CPU
		Release|Any CPU = Release|Any CPU
	EndGlobalSection
	GlobalSection(ProjectConfigurationPlatforms) = postSolution
		{4CB02CB7-93AF-4EFB-8EF0-B089C4525001}.Debug|Any CPU.ActiveCfg = Debug|Any CPU
		{4CB02CB7-93AF-4EFB-8EF0-B089C4525001}.Debug|Any CPU.Build.0 = Debug|Any CPU
		{4CB02CB7-93AF-4EFB-8EF0-B089C4525001}.Release|Any CPU.ActiveCfg = Release|Any CPU
		{4CB02CB7-93AF-4EFB-8EF0-B089C4525001}.Release|Any CPU.Build.0 = Release|Any CPU
		{435A630D-2C4F-4E81-BD04-F07A4FF0C928}.Debug|Any CPU.ActiveCfg = Debug|Any CPU
		{435A630D-2C4F-4E81-BD04-F07A4FF0C928}.Debug|Any CPU.Build.0 = Debug|Any CPU
		{435A630D-2C4F-4E81-BD04-F07A4FF0C928}.Release|Any CPU.ActiveCfg = Release|Any CPU
		{435A630D-2C4F-4E81-BD04-F07A4FF0C928}.Release|Any CPU.Build.0 = Release|Any CPU
		{AB69A2D0-765C-4181-A890-C7961AB95584}.Debug|Any CPU.ActiveCfg = Debug|Any CPU
		{AB69A2D0-765C-4181-A890-C7961AB95584}.Debug|Any CPU.Build.0 = Debug|Any CPU
		{AB69A2D0-765C-4181-A890-C7961AB95584}.Release|Any CPU.ActiveCfg = Release|Any CPU
		{AB69A2D0-765C-4181-A890-C7961AB95584}.Release|Any CPU.Build.0 = Release|Any CPU
	EndGlobalSection
	GlobalSection(SolutionProperties) = preSolution
		HideSolutionNode = FALSE
	EndGlobalSection
	GlobalSection(ExtensibilityGlobals) = postSolution
		SolutionGuid = {41586879-AF82-443A-AF5A-01A17A8D5D6A}
	EndGlobalSection
EndGlobal
